
Microsoft Visual Studio Solution File, Format Version 12.00
# Visual Studio Version 16
VisualStudioVersion = 16.0.28803.452
MinimumVisualStudioVersion = 10.0.40219.1
Project("{FAE04EC0-301F-11D3-BF4B-00C04F79EFBC}") = "pAnalisisMD", "pAnalisisMD\pAnalisisMD.csproj", "{A8CEC8CB-931B-461A-B6CB-0E77AEA3B6F0}"
EndProject
Project("{FAE04EC0-301F-11D3-BF4B-00C04F79EFBC}") = "pAnalisisMD.Tests", "pAnalisisMD.Tests\pAnalisisMD.Tests.csproj", "{E0DFC122-DFF7-4BAE-AFAE-B9C001F88913}"
EndProject
Project("{FAE04EC0-301F-11D3-BF4B-00C04F79EFBC}") = "Entidades", "Entidades\Entidades.csproj", "{72E7F4E0-353A-47DD-8D51-65326414D4C5}"
EndProject
Project("{FAE04EC0-301F-11D3-BF4B-00C04F79EFBC}") = "DAL", "DAL\DAL.csproj", "{6D9B4E60-5B8E-42E7-A635-CCBA604F6E4A}"
EndProject
Global
	GlobalSection(SolutionConfigurationPlatforms) = preSolution
		Debug|Any CPU = Debug|Any CPU
		Release|Any CPU = Release|Any CPU
	EndGlobalSection
	GlobalSection(ProjectConfigurationPlatforms) = postSolution
		{A8CEC8CB-931B-461A-B6CB-0E77AEA3B6F0}.Debug|Any CPU.ActiveCfg = Debug|Any CPU
		{A8CEC8CB-931B-461A-B6CB-0E77AEA3B6F0}.Debug|Any CPU.Build.0 = Debug|Any CPU
		{A8CEC8CB-931B-461A-B6CB-0E77AEA3B6F0}.Release|Any CPU.ActiveCfg = Release|Any CPU
		{A8CEC8CB-931B-461A-B6CB-0E77AEA3B6F0}.Release|Any CPU.Build.0 = Release|Any CPU
		{E0DFC122-DFF7-4BAE-AFAE-B9C001F88913}.Debug|Any CPU.ActiveCfg = Debug|Any CPU
		{E0DFC122-DFF7-4BAE-AFAE-B9C001F88913}.Debug|Any CPU.Build.0 = Debug|Any CPU
		{E0DFC122-DFF7-4BAE-AFAE-B9C001F88913}.Release|Any CPU.ActiveCfg = Release|Any CPU
		{E0DFC122-DFF7-4BAE-AFAE-B9C001F88913}.Release|Any CPU.Build.0 = Release|Any CPU
		{72E7F4E0-353A-47DD-8D51-65326414D4C5}.Debug|Any CPU.ActiveCfg = Debug|Any CPU
		{72E7F4E0-353A-47DD-8D51-65326414D4C5}.Debug|Any CPU.Build.0 = Debug|Any CPU
		{72E7F4E0-353A-47DD-8D51-65326414D4C5}.Release|Any CPU.ActiveCfg = Release|Any CPU
		{72E7F4E0-353A-47DD-8D51-65326414D4C5}.Release|Any CPU.Build.0 = Release|Any CPU
		{6D9B4E60-5B8E-42E7-A635-CCBA604F6E4A}.Debug|Any CPU.ActiveCfg = Debug|Any CPU
		{6D9B4E60-5B8E-42E7-A635-CCBA604F6E4A}.Debug|Any CPU.Build.0 = Debug|Any CPU
		{6D9B4E60-5B8E-42E7-A635-CCBA604F6E4A}.Release|Any CPU.ActiveCfg = Release|Any CPU
		{6D9B4E60-5B8E-42E7-A635-CCBA604F6E4A}.Release|Any CPU.Build.0 = Release|Any CPU
	EndGlobalSection
	GlobalSection(SolutionProperties) = preSolution
		HideSolutionNode = FALSE
	EndGlobalSection
	GlobalSection(ExtensibilityGlobals) = postSolution
		SolutionGuid = {79F6F8E1-C8F9-4654-A567-927AC97500FB}
	EndGlobalSection
EndGlobal
